
Microsoft Visual Studio Solution File, Format Version 12.00
# Visual Studio Version 17
VisualStudioVersion = 17.4.33213.308
MinimumVisualStudioVersion = 10.0.40219.1
Project("{FAE04EC0-301F-11D3-BF4B-00C04F79EFBC}") = "Superhero", "Superhero\Superhero.csproj", "{7F16AF25-AE2A-4E62-8C38-D2176370A983}"
EndProject
Global
	GlobalSection(SolutionConfigurationPlatforms) = preSolution
		Debug|Any CPU = Debug|Any CPU
		Release|Any CPU = Release|Any CPU
	EndGlobalSection
	GlobalSection(ProjectConfigurationPlatforms) = postSolution
		{7F16AF25-AE2A-4E62-8C38-D2176370A983}.Debug|Any CPU.ActiveCfg = Debug|Any CPU
		{7F16AF25-AE2A-4E62-8C38-D2176370A983}.Debug|Any CPU.Build.0 = Debug|Any CPU
		{7F16AF25-AE2A-4E62-8C38-D2176370A983}.Release|Any CPU.ActiveCfg = Release|Any CPU
		{7F16AF25-AE2A-4E62-8C38-D2176370A983}.Release|Any CPU.Build.0 = Release|Any CPU
	EndGlobalSection
	GlobalSection(SolutionProperties) = preSolution
		HideSolutionNode = FALSE
	EndGlobalSection
	GlobalSection(ExtensibilityGlobals) = postSolution
		SolutionGuid = {0393D2A4-2F50-43BE-897E-7FE5A36AFC08}
	EndGlobalSection
EndGlobal
