
Microsoft Visual Studio Solution File, Format Version 12.00
# Visual Studio Version 17
VisualStudioVersion = 17.4.33213.308
MinimumVisualStudioVersion = 10.0.40219.1
Project("{FAE04EC0-301F-11D3-BF4B-00C04F79EFBC}") = "Mozart", "Mozart\Mozart.csproj", "{F55104D7-ADD6-4F66-9A7F-8BC4426E9145}"
EndProject
Global
	GlobalSection(SolutionConfigurationPlatforms) = preSolution
		Debug|Any CPU = Debug|Any CPU
		Release|Any CPU = Release|Any CPU
	EndGlobalSection
	GlobalSection(ProjectConfigurationPlatforms) = postSolution
		{F55104D7-ADD6-4F66-9A7F-8BC4426E9145}.Debug|Any CPU.ActiveCfg = Debug|Any CPU
		{F55104D7-ADD6-4F66-9A7F-8BC4426E9145}.Debug|Any CPU.Build.0 = Debug|Any CPU
		{F55104D7-ADD6-4F66-9A7F-8BC4426E9145}.Release|Any CPU.ActiveCfg = Release|Any CPU
		{F55104D7-ADD6-4F66-9A7F-8BC4426E9145}.Release|Any CPU.Build.0 = Release|Any CPU
	EndGlobalSection
	GlobalSection(SolutionProperties) = preSolution
		HideSolutionNode = FALSE
	EndGlobalSection
	GlobalSection(ExtensibilityGlobals) = postSolution
		SolutionGuid = {8CC5B54C-95E7-4AF0-853F-BE7ABC63186B}
	EndGlobalSection
EndGlobal
