
Microsoft Visual Studio Solution File, Format Version 12.00
# Visual Studio Version 17
VisualStudioVersion = 17.4.33213.308
MinimumVisualStudioVersion = 10.0.40219.1
Project("{FAE04EC0-301F-11D3-BF4B-00C04F79EFBC}") = "world clock", "world clock\world clock.csproj", "{9809598E-512F-4EAD-A141-16A2FA26601C}"
EndProject
Global
	GlobalSection(SolutionConfigurationPlatforms) = preSolution
		Debug|Any CPU = Debug|Any CPU
		Release|Any CPU = Release|Any CPU
	EndGlobalSection
	GlobalSection(ProjectConfigurationPlatforms) = postSolution
		{9809598E-512F-4EAD-A141-16A2FA26601C}.Debug|Any CPU.ActiveCfg = Debug|Any CPU
		{9809598E-512F-4EAD-A141-16A2FA26601C}.Debug|Any CPU.Build.0 = Debug|Any CPU
		{9809598E-512F-4EAD-A141-16A2FA26601C}.Release|Any CPU.ActiveCfg = Release|Any CPU
		{9809598E-512F-4EAD-A141-16A2FA26601C}.Release|Any CPU.Build.0 = Release|Any CPU
	EndGlobalSection
	GlobalSection(SolutionProperties) = preSolution
		HideSolutionNode = FALSE
	EndGlobalSection
	GlobalSection(ExtensibilityGlobals) = postSolution
		SolutionGuid = {1A547D06-D62C-453B-BDE5-B4E4BF8E2657}
	EndGlobalSection
EndGlobal
