
Microsoft Visual Studio Solution File, Format Version 12.00
# Visual Studio Version 17
VisualStudioVersion = 17.4.33213.308
MinimumVisualStudioVersion = 10.0.40219.1
Project("{FAE04EC0-301F-11D3-BF4B-00C04F79EFBC}") = "Juletræet", "Juletræet\Juletræet.csproj", "{97D54700-F396-4AB6-8D52-B7C6C2C528F6}"
EndProject
Global
	GlobalSection(SolutionConfigurationPlatforms) = preSolution
		Debug|Any CPU = Debug|Any CPU
		Release|Any CPU = Release|Any CPU
	EndGlobalSection
	GlobalSection(ProjectConfigurationPlatforms) = postSolution
		{97D54700-F396-4AB6-8D52-B7C6C2C528F6}.Debug|Any CPU.ActiveCfg = Debug|Any CPU
		{97D54700-F396-4AB6-8D52-B7C6C2C528F6}.Debug|Any CPU.Build.0 = Debug|Any CPU
		{97D54700-F396-4AB6-8D52-B7C6C2C528F6}.Release|Any CPU.ActiveCfg = Release|Any CPU
		{97D54700-F396-4AB6-8D52-B7C6C2C528F6}.Release|Any CPU.Build.0 = Release|Any CPU
	EndGlobalSection
	GlobalSection(SolutionProperties) = preSolution
		HideSolutionNode = FALSE
	EndGlobalSection
	GlobalSection(ExtensibilityGlobals) = postSolution
		SolutionGuid = {503B7B15-3D7A-4A1C-ADB5-6A3729D99D4E}
	EndGlobalSection
EndGlobal
